
Microsoft Visual Studio Solution File, Format Version 12.00
# Visual Studio Version 17
VisualStudioVersion = 17.4.33213.308
MinimumVisualStudioVersion = 10.0.40219.1
Project("{FAE04EC0-301F-11D3-BF4B-00C04F79EFBC}") = "ConsoleApp1", "ConsoleApp1\ConsoleApp1.csproj", "{20AF4B2C-E749-4E52-9DB5-EF657AFEC304}"
EndProject
Global
	GlobalSection(SolutionConfigurationPlatforms) = preSolution
		Debug|Any CPU = Debug|Any CPU
		Release|Any CPU = Release|Any CPU
	EndGlobalSection
	GlobalSection(ProjectConfigurationPlatforms) = postSolution
		{20AF4B2C-E749-4E52-9DB5-EF657AFEC304}.Debug|Any CPU.ActiveCfg = Debug|Any CPU
		{20AF4B2C-E749-4E52-9DB5-EF657AFEC304}.Debug|Any CPU.Build.0 = Debug|Any CPU
		{20AF4B2C-E749-4E52-9DB5-EF657AFEC304}.Release|Any CPU.ActiveCfg = Release|Any CPU
		{20AF4B2C-E749-4E52-9DB5-EF657AFEC304}.Release|Any CPU.Build.0 = Release|Any CPU
	EndGlobalSection
	GlobalSection(SolutionProperties) = preSolution
		HideSolutionNode = FALSE
	EndGlobalSection
	GlobalSection(ExtensibilityGlobals) = postSolution
		SolutionGuid = {2D868117-C833-4FED-ADC4-61B9E85BF8F7}
	EndGlobalSection
EndGlobal
